{
  "name": "text-myNpm",
  "lockfileVersion": 3,
  "requires": true,
  "packages": {
    "": {
      "dependencies": {
        "popov-front-end": "^1.0.0"
      }
    },
    "node_modules/popov-front-end": {
      "version": "1.0.0",
      "resolved": "https://registry.npmjs.org/popov-front-end/-/popov-front-end-1.0.0.tgz",
      "integrity": "sha512-qHhIgHBsTUOmk5K2z3aW8bx7Yl95zsUVEujwe0EW0KODwI5mFOH8qqMHaIIFEBMGfs7YXD8Yo2yGgjns6uTTTQ=="
    }
  }
}
